
Microsoft Visual Studio Solution File, Format Version 12.00
# Visual Studio Version 16
VisualStudioVersion = 16.0.31911.196
MinimumVisualStudioVersion = 10.0.40219.1
Project("{FAE04EC0-301F-11D3-BF4B-00C04F79EFBC}") = "Museum.Web", "Museum.Web\Museum.Web.csproj", "{E790E6A3-0EB4-42EA-82DA-B3703F3329F0}"
EndProject
Project("{FAE04EC0-301F-11D3-BF4B-00C04F79EFBC}") = "DAL", "DAL\DAL.csproj", "{777778A8-98B6-45CA-895F-B3B9A0F5264E}"
EndProject
Project("{FAE04EC0-301F-11D3-BF4B-00C04F79EFBC}") = "BLL", "BLL\BLL.csproj", "{F6052E66-A3B4-4B5E-932E-9CC4521C2D7F}"
EndProject
Global
	GlobalSection(SolutionConfigurationPlatforms) = preSolution
		Debug|Any CPU = Debug|Any CPU
		Release|Any CPU = Release|Any CPU
	EndGlobalSection
	GlobalSection(ProjectConfigurationPlatforms) = postSolution
		{E790E6A3-0EB4-42EA-82DA-B3703F3329F0}.Debug|Any CPU.ActiveCfg = Debug|Any CPU
		{E790E6A3-0EB4-42EA-82DA-B3703F3329F0}.Debug|Any CPU.Build.0 = Debug|Any CPU
		{E790E6A3-0EB4-42EA-82DA-B3703F3329F0}.Release|Any CPU.ActiveCfg = Release|Any CPU
		{E790E6A3-0EB4-42EA-82DA-B3703F3329F0}.Release|Any CPU.Build.0 = Release|Any CPU
		{777778A8-98B6-45CA-895F-B3B9A0F5264E}.Debug|Any CPU.ActiveCfg = Debug|Any CPU
		{777778A8-98B6-45CA-895F-B3B9A0F5264E}.Debug|Any CPU.Build.0 = Debug|Any CPU
		{777778A8-98B6-45CA-895F-B3B9A0F5264E}.Release|Any CPU.ActiveCfg = Release|Any CPU
		{777778A8-98B6-45CA-895F-B3B9A0F5264E}.Release|Any CPU.Build.0 = Release|Any CPU
		{F6052E66-A3B4-4B5E-932E-9CC4521C2D7F}.Debug|Any CPU.ActiveCfg = Debug|Any CPU
		{F6052E66-A3B4-4B5E-932E-9CC4521C2D7F}.Debug|Any CPU.Build.0 = Debug|Any CPU
		{F6052E66-A3B4-4B5E-932E-9CC4521C2D7F}.Release|Any CPU.ActiveCfg = Release|Any CPU
		{F6052E66-A3B4-4B5E-932E-9CC4521C2D7F}.Release|Any CPU.Build.0 = Release|Any CPU
	EndGlobalSection
	GlobalSection(SolutionProperties) = preSolution
		HideSolutionNode = FALSE
	EndGlobalSection
	GlobalSection(ExtensibilityGlobals) = postSolution
		SolutionGuid = {CA830487-C040-4771-82FB-3939F3F420CE}
	EndGlobalSection
EndGlobal
